
Microsoft Visual Studio Solution File, Format Version 12.00
# Visual Studio Version 17
VisualStudioVersion = 17.5.002.0
MinimumVisualStudioVersion = 10.0.40219.1
Project("{9A19103F-16F7-4668-BE54-9A1E7A4F7556}") = "Area", "Area.csproj", "{C79A2029-52DF-4C0A-B71D-D4B41C36001B}"
EndProject
Global
	GlobalSection(SolutionConfigurationPlatforms) = preSolution
		Debug|Any CPU = Debug|Any CPU
		Release|Any CPU = Release|Any CPU
	EndGlobalSection
	GlobalSection(ProjectConfigurationPlatforms) = postSolution
		{C79A2029-52DF-4C0A-B71D-D4B41C36001B}.Debug|Any CPU.ActiveCfg = Debug|Any CPU
		{C79A2029-52DF-4C0A-B71D-D4B41C36001B}.Debug|Any CPU.Build.0 = Debug|Any CPU
		{C79A2029-52DF-4C0A-B71D-D4B41C36001B}.Release|Any CPU.ActiveCfg = Release|Any CPU
		{C79A2029-52DF-4C0A-B71D-D4B41C36001B}.Release|Any CPU.Build.0 = Release|Any CPU
	EndGlobalSection
	GlobalSection(SolutionProperties) = preSolution
		HideSolutionNode = FALSE
	EndGlobalSection
	GlobalSection(ExtensibilityGlobals) = postSolution
		SolutionGuid = {2A81062D-E1DF-4992-A210-439078A073A9}
	EndGlobalSection
EndGlobal
